
Microsoft Visual Studio Solution File, Format Version 12.00
# Visual Studio Version 17
VisualStudioVersion = 17.0.31903.59
MinimumVisualStudioVersion = 10.0.40219.1
Project("{F2A71F9B-5D33-465A-A702-920D77279786}") = "bowl", "bowl\bowl.fsproj", "{AA2A1244-ACA1-4F44-8CA9-4A6F1D769E6F}"
EndProject
Project("{F2A71F9B-5D33-465A-A702-920D77279786}") = "bowl.test", "bowl.test\bowl.test.fsproj", "{D476A061-0D65-46D2-BE8E-DC9611FBD838}"
EndProject
Global
	GlobalSection(SolutionConfigurationPlatforms) = preSolution
		Debug|Any CPU = Debug|Any CPU
		Release|Any CPU = Release|Any CPU
	EndGlobalSection
	GlobalSection(SolutionProperties) = preSolution
		HideSolutionNode = FALSE
	EndGlobalSection
	GlobalSection(ProjectConfigurationPlatforms) = postSolution
		{AA2A1244-ACA1-4F44-8CA9-4A6F1D769E6F}.Debug|Any CPU.ActiveCfg = Debug|Any CPU
		{AA2A1244-ACA1-4F44-8CA9-4A6F1D769E6F}.Debug|Any CPU.Build.0 = Debug|Any CPU
		{AA2A1244-ACA1-4F44-8CA9-4A6F1D769E6F}.Release|Any CPU.ActiveCfg = Release|Any CPU
		{AA2A1244-ACA1-4F44-8CA9-4A6F1D769E6F}.Release|Any CPU.Build.0 = Release|Any CPU
		{D476A061-0D65-46D2-BE8E-DC9611FBD838}.Debug|Any CPU.ActiveCfg = Debug|Any CPU
		{D476A061-0D65-46D2-BE8E-DC9611FBD838}.Debug|Any CPU.Build.0 = Debug|Any CPU
		{D476A061-0D65-46D2-BE8E-DC9611FBD838}.Release|Any CPU.ActiveCfg = Release|Any CPU
		{D476A061-0D65-46D2-BE8E-DC9611FBD838}.Release|Any CPU.Build.0 = Release|Any CPU
	EndGlobalSection
EndGlobal
